// !$*UTF8*$!
{
	archiveVersion = 1;
	classes = {
	};
	objectVersion = 55;
	objects = {

/* Begin PBXBuildFile section */
		017AAB4981089E8434E60DE7 /* VStretchableGesture.swift in Sources */ = {isa = PBXBuildFile; fileRef = F1DFC138DF95FEF8561B7964 /* VStretchableGesture.swift */; };
		0742C0A1F51C4FFD17C80A5D /* CalendarViewModel.swift in Sources */ = {isa = PBXBuildFile; fileRef = 8790EFF06A6525FBA7BAE6B0 /* CalendarViewModel.swift */; };
		1E87F69954E16F0F4208A37D /* CalendarSettings.swift in Sources */ = {isa = PBXBuildFile; fileRef = 85495DC55B8301F34151526C /* CalendarSettings.swift */; };
		26F3DB8D952626F47EA082F7 /* ContentView.swift in Sources */ = {isa = PBXBuildFile; fileRef = 11BBA5CE40CF58F9B14C1EFD /* ContentView.swift */; };
		28F8EC51F36C25860F7344F1 /* CalendarWeekdaysViewModel.swift in Sources */ = {isa = PBXBuildFile; fileRef = 1DCE85094A30609A40185B56 /* CalendarWeekdaysViewModel.swift */; };
		2A0DDF7413C513DA858E12A8 /* VStretchable.swift in Sources */ = {isa = PBXBuildFile; fileRef = E0150BEC32D859A1085381D1 /* VStretchable.swift */; };
		3BB9FB7CD3485E5F943C0672 /* CalendarView.swift in Sources */ = {isa = PBXBuildFile; fileRef = 7C0F86E84488F44373C628B8 /* CalendarView.swift */; };
		3C70991273D402CDD90DFAEE /* VStretchableContent.swift in Sources */ = {isa = PBXBuildFile; fileRef = 16AB50AD27349619CFFC62EB /* VStretchableContent.swift */; };
		5C78467F21071AFB03E4DAE0 /* CalendarMonthViewModel.swift in Sources */ = {isa = PBXBuildFile; fileRef = 82E399E524976CEA5CD25F28 /* CalendarMonthViewModel.swift */; };
		5DC72783B1FD6C3990934DED /* CalendarMonthsViewModel.swift in Sources */ = {isa = PBXBuildFile; fileRef = AFD2DEE155554339C8B0B209 /* CalendarMonthsViewModel.swift */; };
		5F8B3849ABA5E70BC1104755 /* LayoutSettingsView.swift in Sources */ = {isa = PBXBuildFile; fileRef = 3EC7587CE89101A99DD41B44 /* LayoutSettingsView.swift */; };
		61FD7DD0A2571290F777EB48 /* CalendarDayViewModel.swift in Sources */ = {isa = PBXBuildFile; fileRef = B33372501AF8354270311FA3 /* CalendarDayViewModel.swift */; };
		6759CB1158427E74E4CF31A6 /* View.swift in Sources */ = {isa = PBXBuildFile; fileRef = 28F8A6CD42E9CDC870C69D87 /* View.swift */; };
		7AAD6180FD8C758B8C027D97 /* CalendarDay.swift in Sources */ = {isa = PBXBuildFile; fileRef = 0A7BFED9D6C65CA0D414C6EA /* CalendarDay.swift */; };
		7CAC5A48B335BE68C1D615B0 /* CalendarDayView.swift in Sources */ = {isa = PBXBuildFile; fileRef = 53D879BA09064072F51067FC /* CalendarDayView.swift */; };
		834F468A554AE55BDF75E877 /* RoutineJournal.swift in Sources */ = {isa = PBXBuildFile; fileRef = 25050B2169B7BFA7B58BE4A6 /* RoutineJournal.swift */; };
		841ED62F222DC65F364CB8D5 /* CalendarWeekdayViewModel.swift in Sources */ = {isa = PBXBuildFile; fileRef = 8AD1305B02529E558E1D1BF3 /* CalendarWeekdayViewModel.swift */; };
		9076AE94B8F461ECB1FBFEC6 /* CalendarMonthsView.swift in Sources */ = {isa = PBXBuildFile; fileRef = A257CA350FC5152C8F462127 /* CalendarMonthsView.swift */; };
		BA9028598960F591FFFCC01D /* CalendarWeekdayView.swift in Sources */ = {isa = PBXBuildFile; fileRef = 2866CF93E4242E19FF939353 /* CalendarWeekdayView.swift */; };
		BDB7ED76993B3DE6564DC710 /* LayoutSettings.swift in Sources */ = {isa = PBXBuildFile; fileRef = 8E789D2DB24603A0DC55A31D /* LayoutSettings.swift */; };
		C3D5EDD65014090F58711366 /* VSpaceable.swift in Sources */ = {isa = PBXBuildFile; fileRef = DDE8C4173404ABBE27383DDD /* VSpaceable.swift */; };
		CB14A40DE81AAEF374815700 /* CalendarMonthView.swift in Sources */ = {isa = PBXBuildFile; fileRef = DA0A9CAAC94CB833C03C727C /* CalendarMonthView.swift */; };
		CFE5A0BCAF44E1FA9E357A4A /* TuistAssets+RoutineJournal.swift in Sources */ = {isa = PBXBuildFile; fileRef = EE52C2E64884B1D830415151 /* TuistAssets+RoutineJournal.swift */; };
		D2FAD1E46D6DE4DA3824E598 /* CalendarWeekdaysView.swift in Sources */ = {isa = PBXBuildFile; fileRef = AC96E571CD088CE477E8855A /* CalendarWeekdaysView.swift */; };
		DD88293361DF11F5480BD4F9 /* Assets.xcassets in Resources */ = {isa = PBXBuildFile; fileRef = EB11937F7C61991075A029D3 /* Assets.xcassets */; };
		E4B971DCE35AFD6818891105 /* Pods_RoutineJournal.framework in Frameworks */ = {isa = PBXBuildFile; fileRef = D9B5AC5135964C7E0A1002F6 /* Pods_RoutineJournal.framework */; };
		E718760DADF1C920610BC709 /* VStretchableContainerView.swift in Sources */ = {isa = PBXBuildFile; fileRef = 2F5CF2F907A59E2A3EA5FFDF /* VStretchableContainerView.swift */; };
		E76AC62F0D5ACAFEB7312270 /* TuistBundle+RoutineJournal.swift in Sources */ = {isa = PBXBuildFile; fileRef = 2C02E6418B83E4A1D49CF13C /* TuistBundle+RoutineJournal.swift */; };
		EEEDCAFFA7D5D5BAF4D960D5 /* VStretchableContentView.swift in Sources */ = {isa = PBXBuildFile; fileRef = 6FD34857AFFDA4D671907B59 /* VStretchableContentView.swift */; };
		EF3F1C8B5FE747763C4D7647 /* VStretchableRow.swift in Sources */ = {isa = PBXBuildFile; fileRef = 1EC73A0D4EC7CE648A4EEC6D /* VStretchableRow.swift */; };
		F8746B705E42DC891FE5BEA9 /* VStretchableContainer.swift in Sources */ = {isa = PBXBuildFile; fileRef = 3722F10F9DA5B74E33C17B46 /* VStretchableContainer.swift */; };
		FE6A74BDC5C6FCFE154312EF /* CalendarMonth.swift in Sources */ = {isa = PBXBuildFile; fileRef = BA1B7FCA1791C737797C695C /* CalendarMonth.swift */; };
/* End PBXBuildFile section */

/* Begin PBXCopyFilesBuildPhase section */
		57152E39374F6FD63DFA87CE /* Embed Frameworks */ = {
			isa = PBXCopyFilesBuildPhase;
			buildActionMask = 2147483647;
			dstPath = "";
			dstSubfolderSpec = 10;
			files = (
			);
			name = "Embed Frameworks";
			runOnlyForDeploymentPostprocessing = 0;
		};
/* End PBXCopyFilesBuildPhase section */

/* Begin PBXFileReference section */
		0A7BFED9D6C65CA0D414C6EA /* CalendarDay.swift */ = {isa = PBXFileReference; lastKnownFileType = sourcecode.swift; path = CalendarDay.swift; sourceTree = "<group>"; };
		11BBA5CE40CF58F9B14C1EFD /* ContentView.swift */ = {isa = PBXFileReference; lastKnownFileType = sourcecode.swift; path = ContentView.swift; sourceTree = "<group>"; };
		16AB50AD27349619CFFC62EB /* VStretchableContent.swift */ = {isa = PBXFileReference; lastKnownFileType = sourcecode.swift; path = VStretchableContent.swift; sourceTree = "<group>"; };
		1DCE85094A30609A40185B56 /* CalendarWeekdaysViewModel.swift */ = {isa = PBXFileReference; lastKnownFileType = sourcecode.swift; path = CalendarWeekdaysViewModel.swift; sourceTree = "<group>"; };
		1EC73A0D4EC7CE648A4EEC6D /* VStretchableRow.swift */ = {isa = PBXFileReference; lastKnownFileType = sourcecode.swift; path = VStretchableRow.swift; sourceTree = "<group>"; };
		25050B2169B7BFA7B58BE4A6 /* RoutineJournal.swift */ = {isa = PBXFileReference; lastKnownFileType = sourcecode.swift; path = RoutineJournal.swift; sourceTree = "<group>"; };
		2866CF93E4242E19FF939353 /* CalendarWeekdayView.swift */ = {isa = PBXFileReference; lastKnownFileType = sourcecode.swift; path = CalendarWeekdayView.swift; sourceTree = "<group>"; };
		28F8A6CD42E9CDC870C69D87 /* View.swift */ = {isa = PBXFileReference; lastKnownFileType = sourcecode.swift; path = View.swift; sourceTree = "<group>"; };
		2C02E6418B83E4A1D49CF13C /* TuistBundle+RoutineJournal.swift */ = {isa = PBXFileReference; lastKnownFileType = sourcecode.swift; path = "TuistBundle+RoutineJournal.swift"; sourceTree = "<group>"; };
		2F5CF2F907A59E2A3EA5FFDF /* VStretchableContainerView.swift */ = {isa = PBXFileReference; lastKnownFileType = sourcecode.swift; path = VStretchableContainerView.swift; sourceTree = "<group>"; };
		3722F10F9DA5B74E33C17B46 /* VStretchableContainer.swift */ = {isa = PBXFileReference; lastKnownFileType = sourcecode.swift; path = VStretchableContainer.swift; sourceTree = "<group>"; };
		3EC7587CE89101A99DD41B44 /* LayoutSettingsView.swift */ = {isa = PBXFileReference; lastKnownFileType = sourcecode.swift; path = LayoutSettingsView.swift; sourceTree = "<group>"; };
		53D879BA09064072F51067FC /* CalendarDayView.swift */ = {isa = PBXFileReference; lastKnownFileType = sourcecode.swift; path = CalendarDayView.swift; sourceTree = "<group>"; };
		6FD34857AFFDA4D671907B59 /* VStretchableContentView.swift */ = {isa = PBXFileReference; lastKnownFileType = sourcecode.swift; path = VStretchableContentView.swift; sourceTree = "<group>"; };
		7C0F86E84488F44373C628B8 /* CalendarView.swift */ = {isa = PBXFileReference; lastKnownFileType = sourcecode.swift; path = CalendarView.swift; sourceTree = "<group>"; };
		82E399E524976CEA5CD25F28 /* CalendarMonthViewModel.swift */ = {isa = PBXFileReference; lastKnownFileType = sourcecode.swift; path = CalendarMonthViewModel.swift; sourceTree = "<group>"; };
		847D196CBBB85EF6700C06AD /* Pods-RoutineJournal.debug.xcconfig */ = {isa = PBXFileReference; includeInIndex = 1; lastKnownFileType = text.xcconfig; name = "Pods-RoutineJournal.debug.xcconfig"; path = "Target Support Files/Pods-RoutineJournal/Pods-RoutineJournal.debug.xcconfig"; sourceTree = "<group>"; };
		85495DC55B8301F34151526C /* CalendarSettings.swift */ = {isa = PBXFileReference; lastKnownFileType = sourcecode.swift; path = CalendarSettings.swift; sourceTree = "<group>"; };
		8790EFF06A6525FBA7BAE6B0 /* CalendarViewModel.swift */ = {isa = PBXFileReference; lastKnownFileType = sourcecode.swift; path = CalendarViewModel.swift; sourceTree = "<group>"; };
		8AD1305B02529E558E1D1BF3 /* CalendarWeekdayViewModel.swift */ = {isa = PBXFileReference; lastKnownFileType = sourcecode.swift; path = CalendarWeekdayViewModel.swift; sourceTree = "<group>"; };
		8E789D2DB24603A0DC55A31D /* LayoutSettings.swift */ = {isa = PBXFileReference; lastKnownFileType = sourcecode.swift; path = LayoutSettings.swift; sourceTree = "<group>"; };
		9B01F6B437AC3E894D4A89F5 /* RoutineJournal-Info.plist */ = {isa = PBXFileReference; lastKnownFileType = text.plist; path = "RoutineJournal-Info.plist"; sourceTree = "<group>"; };
		A257CA350FC5152C8F462127 /* CalendarMonthsView.swift */ = {isa = PBXFileReference; lastKnownFileType = sourcecode.swift; path = CalendarMonthsView.swift; sourceTree = "<group>"; };
		AC96E571CD088CE477E8855A /* CalendarWeekdaysView.swift */ = {isa = PBXFileReference; lastKnownFileType = sourcecode.swift; path = CalendarWeekdaysView.swift; sourceTree = "<group>"; };
		AFD2DEE155554339C8B0B209 /* CalendarMonthsViewModel.swift */ = {isa = PBXFileReference; lastKnownFileType = sourcecode.swift; path = CalendarMonthsViewModel.swift; sourceTree = "<group>"; };
		B33372501AF8354270311FA3 /* CalendarDayViewModel.swift */ = {isa = PBXFileReference; lastKnownFileType = sourcecode.swift; path = CalendarDayViewModel.swift; sourceTree = "<group>"; };
		BA1B7FCA1791C737797C695C /* CalendarMonth.swift */ = {isa = PBXFileReference; lastKnownFileType = sourcecode.swift; path = CalendarMonth.swift; sourceTree = "<group>"; };
		D0CF090189E9C0FDFA5F6859 /* Pods-RoutineJournal.release.xcconfig */ = {isa = PBXFileReference; includeInIndex = 1; lastKnownFileType = text.xcconfig; name = "Pods-RoutineJournal.release.xcconfig"; path = "Target Support Files/Pods-RoutineJournal/Pods-RoutineJournal.release.xcconfig"; sourceTree = "<group>"; };
		D9B5AC5135964C7E0A1002F6 /* Pods_RoutineJournal.framework */ = {isa = PBXFileReference; explicitFileType = wrapper.framework; includeInIndex = 0; path = Pods_RoutineJournal.framework; sourceTree = BUILT_PRODUCTS_DIR; };
		DA0A9CAAC94CB833C03C727C /* CalendarMonthView.swift */ = {isa = PBXFileReference; lastKnownFileType = sourcecode.swift; path = CalendarMonthView.swift; sourceTree = "<group>"; };
		DDE8C4173404ABBE27383DDD /* VSpaceable.swift */ = {isa = PBXFileReference; lastKnownFileType = sourcecode.swift; path = VSpaceable.swift; sourceTree = "<group>"; };
		E0150BEC32D859A1085381D1 /* VStretchable.swift */ = {isa = PBXFileReference; lastKnownFileType = sourcecode.swift; path = VStretchable.swift; sourceTree = "<group>"; };
		E97855DAA5C95AD3025B650B /* RoutineJournal.app */ = {isa = PBXFileReference; explicitFileType = wrapper.application; includeInIndex = 0; path = RoutineJournal.app; sourceTree = BUILT_PRODUCTS_DIR; };
		EB11937F7C61991075A029D3 /* Assets.xcassets */ = {isa = PBXFileReference; lastKnownFileType = folder.assetcatalog; path = Assets.xcassets; sourceTree = "<group>"; };
		EE52C2E64884B1D830415151 /* TuistAssets+RoutineJournal.swift */ = {isa = PBXFileReference; lastKnownFileType = sourcecode.swift; path = "TuistAssets+RoutineJournal.swift"; sourceTree = "<group>"; };
		F1DFC138DF95FEF8561B7964 /* VStretchableGesture.swift */ = {isa = PBXFileReference; lastKnownFileType = sourcecode.swift; path = VStretchableGesture.swift; sourceTree = "<group>"; };
/* End PBXFileReference section */

/* Begin PBXFrameworksBuildPhase section */
		C2CC739B9C6D674AD71E4717 /* Frameworks */ = {
			isa = PBXFrameworksBuildPhase;
			buildActionMask = 2147483647;
			files = (
				E4B971DCE35AFD6818891105 /* Pods_RoutineJournal.framework in Frameworks */,
			);
			runOnlyForDeploymentPostprocessing = 0;
		};
/* End PBXFrameworksBuildPhase section */

/* Begin PBXGroup section */
		17C36A0514A911A1E6151DC2 /* Products */ = {
			isa = PBXGroup;
			children = (
				E97855DAA5C95AD3025B650B /* RoutineJournal.app */,
			);
			name = Products;
			sourceTree = "<group>";
		};
		1EFB1768BD7EBCB5E531FE50 /* InfoPlists */ = {
			isa = PBXGroup;
			children = (
				9B01F6B437AC3E894D4A89F5 /* RoutineJournal-Info.plist */,
			);
			path = InfoPlists;
			sourceTree = "<group>";
		};
		1F6C7DD6C57D5D47976AD60E /* Sources */ = {
			isa = PBXGroup;
			children = (
				EE52C2E64884B1D830415151 /* TuistAssets+RoutineJournal.swift */,
				2C02E6418B83E4A1D49CF13C /* TuistBundle+RoutineJournal.swift */,
			);
			path = Sources;
			sourceTree = "<group>";
		};
		447489346183C0BD922ED27E /* Frameworks */ = {
			isa = PBXGroup;
			children = (
				D9B5AC5135964C7E0A1002F6 /* Pods_RoutineJournal.framework */,
			);
			name = Frameworks;
			sourceTree = "<group>";
		};
		6227827F8FE305B9807A92D5 = {
			isa = PBXGroup;
			children = (
				447489346183C0BD922ED27E /* Frameworks */,
				FCBFF8813B32DC37CA9AE89F /* Pods */,
				17C36A0514A911A1E6151DC2 /* Products */,
				B37C0AD0AA273E26C3942542 /* Project */,
			);
			sourceTree = "<group>";
		};
		93C103ED75F41C4719D53CE1 /* Sources */ = {
			isa = PBXGroup;
			children = (
				D047F20816DE9A7FEDE1446E /* Modules */,
				F869523614D69C7653E9CC1B /* Utilities */,
				11BBA5CE40CF58F9B14C1EFD /* ContentView.swift */,
				25050B2169B7BFA7B58BE4A6 /* RoutineJournal.swift */,
			);
			path = Sources;
			sourceTree = "<group>";
		};
		B37C0AD0AA273E26C3942542 /* Project */ = {
			isa = PBXGroup;
			children = (
				DC975EA782468D06A3994BD2 /* Derived */,
				D931C168596F99712EBB0A74 /* Resources */,
				93C103ED75F41C4719D53CE1 /* Sources */,
			);
			name = Project;
			sourceTree = "<group>";
		};
		D047F20816DE9A7FEDE1446E /* Modules */ = {
			isa = PBXGroup;
			children = (
				FA06F0222907C52300A5174E /* Calendar */,
				FA06F0292907C5A500A5174E /* LayoutSettings */,
			);
			path = Modules;
			sourceTree = "<group>";
		};
		D931C168596F99712EBB0A74 /* Resources */ = {
			isa = PBXGroup;
			children = (
				EB11937F7C61991075A029D3 /* Assets.xcassets */,
			);
			path = Resources;
			sourceTree = "<group>";
		};
		DC975EA782468D06A3994BD2 /* Derived */ = {
			isa = PBXGroup;
			children = (
				1EFB1768BD7EBCB5E531FE50 /* InfoPlists */,
				1F6C7DD6C57D5D47976AD60E /* Sources */,
			);
			path = Derived;
			sourceTree = "<group>";
		};
		F869523614D69C7653E9CC1B /* Utilities */ = {
			isa = PBXGroup;
			children = (
				28F8A6CD42E9CDC870C69D87 /* View.swift */,
				DDE8C4173404ABBE27383DDD /* VSpaceable.swift */,
				FA06F02A2907C5C700A5174E /* VStretchable */,
			);
			path = Utilities;
			sourceTree = "<group>";
		};
		FA06F0222907C52300A5174E /* Calendar */ = {
			isa = PBXGroup;
			children = (
				7C0F86E84488F44373C628B8 /* CalendarView.swift */,
				8790EFF06A6525FBA7BAE6B0 /* CalendarViewModel.swift */,
				FA06F0232907C53500A5174E /* CalendarDay */,
				FA06F0242907C53B00A5174E /* CalendarMonth */,
				FA06F0252907C55C00A5174E /* CalendarMonths */,
				FA06F0262907C57700A5174E /* CalendarSettings */,
				FA06F0282907C59B00A5174E /* CalendarWeekday */,
				FA06F0272907C59200A5174E /* CalendarWeekdays */,
			);
			name = Calendar;
			sourceTree = "<group>";
		};
		FA06F0232907C53500A5174E /* CalendarDay */ = {
			isa = PBXGroup;
			children = (
				0A7BFED9D6C65CA0D414C6EA /* CalendarDay.swift */,
				53D879BA09064072F51067FC /* CalendarDayView.swift */,
				B33372501AF8354270311FA3 /* CalendarDayViewModel.swift */,
			);
			name = CalendarDay;
			sourceTree = "<group>";
		};
		FA06F0242907C53B00A5174E /* CalendarMonth */ = {
			isa = PBXGroup;
			children = (
				BA1B7FCA1791C737797C695C /* CalendarMonth.swift */,
				DA0A9CAAC94CB833C03C727C /* CalendarMonthView.swift */,
				82E399E524976CEA5CD25F28 /* CalendarMonthViewModel.swift */,
			);
			name = CalendarMonth;
			sourceTree = "<group>";
		};
		FA06F0252907C55C00A5174E /* CalendarMonths */ = {
			isa = PBXGroup;
			children = (
				AFD2DEE155554339C8B0B209 /* CalendarMonthsViewModel.swift */,
				A257CA350FC5152C8F462127 /* CalendarMonthsView.swift */,
			);
			name = CalendarMonths;
			sourceTree = "<group>";
		};
		FA06F0262907C57700A5174E /* CalendarSettings */ = {
			isa = PBXGroup;
			children = (
				85495DC55B8301F34151526C /* CalendarSettings.swift */,
			);
			name = CalendarSettings;
			sourceTree = "<group>";
		};
		FA06F0272907C59200A5174E /* CalendarWeekdays */ = {
			isa = PBXGroup;
			children = (
				AC96E571CD088CE477E8855A /* CalendarWeekdaysView.swift */,
				1DCE85094A30609A40185B56 /* CalendarWeekdaysViewModel.swift */,
			);
			name = CalendarWeekdays;
			sourceTree = "<group>";
		};
		FA06F0282907C59B00A5174E /* CalendarWeekday */ = {
			isa = PBXGroup;
			children = (
				2866CF93E4242E19FF939353 /* CalendarWeekdayView.swift */,
				8AD1305B02529E558E1D1BF3 /* CalendarWeekdayViewModel.swift */,
			);
			name = CalendarWeekday;
			sourceTree = "<group>";
		};
		FA06F0292907C5A500A5174E /* LayoutSettings */ = {
			isa = PBXGroup;
			children = (
				8E789D2DB24603A0DC55A31D /* LayoutSettings.swift */,
				3EC7587CE89101A99DD41B44 /* LayoutSettingsView.swift */,
			);
			name = LayoutSettings;
			sourceTree = "<group>";
		};
		FA06F02A2907C5C700A5174E /* VStretchable */ = {
			isa = PBXGroup;
			children = (
				E0150BEC32D859A1085381D1 /* VStretchable.swift */,
				FA06F02E2907C5F100A5174E /* VStretchableContainer */,
				FA06F0302907C5FB00A5174E /* VStretchableContent */,
				FA06F0312907C60B00A5174E /* VStretchableGesture */,
				FA06F0322907C61100A5174E /* VStretchableRow */,
			);
			path = VStretchable;
			sourceTree = "<group>";
		};
		FA06F02E2907C5F100A5174E /* VStretchableContainer */ = {
			isa = PBXGroup;
			children = (
				3722F10F9DA5B74E33C17B46 /* VStretchableContainer.swift */,
				2F5CF2F907A59E2A3EA5FFDF /* VStretchableContainerView.swift */,
			);
			name = VStretchableContainer;
			sourceTree = "<group>";
		};
		FA06F0302907C5FB00A5174E /* VStretchableContent */ = {
			isa = PBXGroup;
			children = (
				16AB50AD27349619CFFC62EB /* VStretchableContent.swift */,
				6FD34857AFFDA4D671907B59 /* VStretchableContentView.swift */,
			);
			name = VStretchableContent;
			sourceTree = "<group>";
		};
		FA06F0312907C60B00A5174E /* VStretchableGesture */ = {
			isa = PBXGroup;
			children = (
				F1DFC138DF95FEF8561B7964 /* VStretchableGesture.swift */,
			);
			name = VStretchableGesture;
			sourceTree = "<group>";
		};
		FA06F0322907C61100A5174E /* VStretchableRow */ = {
			isa = PBXGroup;
			children = (
				1EC73A0D4EC7CE648A4EEC6D /* VStretchableRow.swift */,
			);
			name = VStretchableRow;
			sourceTree = "<group>";
		};
		FCBFF8813B32DC37CA9AE89F /* Pods */ = {
			isa = PBXGroup;
			children = (
				847D196CBBB85EF6700C06AD /* Pods-RoutineJournal.debug.xcconfig */,
				D0CF090189E9C0FDFA5F6859 /* Pods-RoutineJournal.release.xcconfig */,
			);
			path = Pods;
			sourceTree = "<group>";
		};
/* End PBXGroup section */

/* Begin PBXNativeTarget section */
		18BDDD65E1C802E9BE0FB149 /* RoutineJournal */ = {
			isa = PBXNativeTarget;
			buildConfigurationList = 5FEC6C00F33BBCE4BCC5E992 /* Build configuration list for PBXNativeTarget "RoutineJournal" */;
			buildPhases = (
				DEE8E0FC7832160C6EAB9957 /* [CP] Check Pods Manifest.lock */,
				DCDC151AC4D18F42CC296584 /* SwiftLint */,
				8291047D232ACB302EBA1285 /* Sources */,
				FEA9DECCAE5AC70F47BB388F /* Resources */,
				57152E39374F6FD63DFA87CE /* Embed Frameworks */,
				C2CC739B9C6D674AD71E4717 /* Frameworks */,
			);
			buildRules = (
			);
			dependencies = (
			);
			name = RoutineJournal;
			productName = RoutineJournal;
			productReference = E97855DAA5C95AD3025B650B /* RoutineJournal.app */;
			productType = "com.apple.product-type.application";
		};
/* End PBXNativeTarget section */

/* Begin PBXProject section */
		2566278D408130683CF051B5 /* Project object */ = {
			isa = PBXProject;
			attributes = {
			};
			buildConfigurationList = 720E8754DACCDCA0B7175A88 /* Build configuration list for PBXProject "RoutineJournal" */;
			compatibilityVersion = "Xcode 13.0";
			developmentRegion = en;
			hasScannedForEncodings = 0;
			knownRegions = (
				Base,
				en,
			);
			mainGroup = 6227827F8FE305B9807A92D5;
			productRefGroup = 17C36A0514A911A1E6151DC2 /* Products */;
			projectDirPath = "";
			projectRoot = "";
			targets = (
				18BDDD65E1C802E9BE0FB149 /* RoutineJournal */,
			);
		};
/* End PBXProject section */

/* Begin PBXResourcesBuildPhase section */
		FEA9DECCAE5AC70F47BB388F /* Resources */ = {
			isa = PBXResourcesBuildPhase;
			buildActionMask = 2147483647;
			files = (
				DD88293361DF11F5480BD4F9 /* Assets.xcassets in Resources */,
			);
			runOnlyForDeploymentPostprocessing = 0;
		};
/* End PBXResourcesBuildPhase section */

/* Begin PBXShellScriptBuildPhase section */
		DCDC151AC4D18F42CC296584 /* SwiftLint */ = {
			isa = PBXShellScriptBuildPhase;
			buildActionMask = 2147483647;
			files = (
			);
			inputFileListPaths = (
			);
			inputPaths = (
			);
			name = SwiftLint;
			outputFileListPaths = (
			);
			outputPaths = (
			);
			runOnlyForDeploymentPostprocessing = 0;
			shellPath = /bin/sh;
			shellScript = "sh ${PWD}/scripts/swiftlint.sh\n";
		};
		DEE8E0FC7832160C6EAB9957 /* [CP] Check Pods Manifest.lock */ = {
			isa = PBXShellScriptBuildPhase;
			buildActionMask = 2147483647;
			files = (
			);
			inputFileListPaths = (
			);
			inputPaths = (
				"${PODS_PODFILE_DIR_PATH}/Podfile.lock",
				"${PODS_ROOT}/Manifest.lock",
			);
			name = "[CP] Check Pods Manifest.lock";
			outputFileListPaths = (
			);
			outputPaths = (
				"$(DERIVED_FILE_DIR)/Pods-RoutineJournal-checkManifestLockResult.txt",
			);
			runOnlyForDeploymentPostprocessing = 0;
			shellPath = /bin/sh;
			shellScript = "diff \"${PODS_PODFILE_DIR_PATH}/Podfile.lock\" \"${PODS_ROOT}/Manifest.lock\" > /dev/null\nif [ $? != 0 ] ; then\n    # print error to STDERR\n    echo \"error: The sandbox is not in sync with the Podfile.lock. Run 'pod install' or update your CocoaPods installation.\" >&2\n    exit 1\nfi\n# This output is used by Xcode 'outputs' to avoid re-running this script phase.\necho \"SUCCESS\" > \"${SCRIPT_OUTPUT_FILE_0}\"\n";
			showEnvVarsInLog = 0;
		};
/* End PBXShellScriptBuildPhase section */

/* Begin PBXSourcesBuildPhase section */
		8291047D232ACB302EBA1285 /* Sources */ = {
			isa = PBXSourcesBuildPhase;
			buildActionMask = 2147483647;
			files = (
				CFE5A0BCAF44E1FA9E357A4A /* TuistAssets+RoutineJournal.swift in Sources */,
				E76AC62F0D5ACAFEB7312270 /* TuistBundle+RoutineJournal.swift in Sources */,
				26F3DB8D952626F47EA082F7 /* ContentView.swift in Sources */,
				7AAD6180FD8C758B8C027D97 /* CalendarDay.swift in Sources */,
				7CAC5A48B335BE68C1D615B0 /* CalendarDayView.swift in Sources */,
				61FD7DD0A2571290F777EB48 /* CalendarDayViewModel.swift in Sources */,
				FE6A74BDC5C6FCFE154312EF /* CalendarMonth.swift in Sources */,
				CB14A40DE81AAEF374815700 /* CalendarMonthView.swift in Sources */,
				5C78467F21071AFB03E4DAE0 /* CalendarMonthViewModel.swift in Sources */,
				9076AE94B8F461ECB1FBFEC6 /* CalendarMonthsView.swift in Sources */,
				5DC72783B1FD6C3990934DED /* CalendarMonthsViewModel.swift in Sources */,
				1E87F69954E16F0F4208A37D /* CalendarSettings.swift in Sources */,
				3BB9FB7CD3485E5F943C0672 /* CalendarView.swift in Sources */,
				0742C0A1F51C4FFD17C80A5D /* CalendarViewModel.swift in Sources */,
				BA9028598960F591FFFCC01D /* CalendarWeekdayView.swift in Sources */,
				841ED62F222DC65F364CB8D5 /* CalendarWeekdayViewModel.swift in Sources */,
				D2FAD1E46D6DE4DA3824E598 /* CalendarWeekdaysView.swift in Sources */,
				28F8EC51F36C25860F7344F1 /* CalendarWeekdaysViewModel.swift in Sources */,
				BDB7ED76993B3DE6564DC710 /* LayoutSettings.swift in Sources */,
				5F8B3849ABA5E70BC1104755 /* LayoutSettingsView.swift in Sources */,
				834F468A554AE55BDF75E877 /* RoutineJournal.swift in Sources */,
				C3D5EDD65014090F58711366 /* VSpaceable.swift in Sources */,
				2A0DDF7413C513DA858E12A8 /* VStretchable.swift in Sources */,
				F8746B705E42DC891FE5BEA9 /* VStretchableContainer.swift in Sources */,
				E718760DADF1C920610BC709 /* VStretchableContainerView.swift in Sources */,
				3C70991273D402CDD90DFAEE /* VStretchableContent.swift in Sources */,
				EEEDCAFFA7D5D5BAF4D960D5 /* VStretchableContentView.swift in Sources */,
				017AAB4981089E8434E60DE7 /* VStretchableGesture.swift in Sources */,
				EF3F1C8B5FE747763C4D7647 /* VStretchableRow.swift in Sources */,
				6759CB1158427E74E4CF31A6 /* View.swift in Sources */,
			);
			runOnlyForDeploymentPostprocessing = 0;
		};
/* End PBXSourcesBuildPhase section */

/* Begin XCBuildConfiguration section */
		21E8A0C5FE63DDBF2D38CECF /* Release */ = {
			isa = XCBuildConfiguration;
			buildSettings = {
				ALWAYS_SEARCH_USER_PATHS = NO;
				CLANG_ANALYZER_LOCALIZABILITY_NONLOCALIZED = YES;
				CLANG_ANALYZER_NONNULL = YES;
				CLANG_ANALYZER_NUMBER_OBJECT_CONVERSION = YES_AGGRESSIVE;
				CLANG_CXX_LANGUAGE_STANDARD = "gnu++14";
				CLANG_CXX_LIBRARY = "libc++";
				CLANG_ENABLE_MODULES = YES;
				CLANG_ENABLE_OBJC_ARC = YES;
				CLANG_ENABLE_OBJC_WEAK = YES;
				CLANG_WARN_BLOCK_CAPTURE_AUTORELEASING = YES;
				CLANG_WARN_BOOL_CONVERSION = YES;
				CLANG_WARN_COMMA = YES;
				CLANG_WARN_CONSTANT_CONVERSION = YES;
				CLANG_WARN_DEPRECATED_OBJC_IMPLEMENTATIONS = YES;
				CLANG_WARN_DIRECT_OBJC_ISA_USAGE = YES_ERROR;
				CLANG_WARN_DOCUMENTATION_COMMENTS = YES;
				CLANG_WARN_EMPTY_BODY = YES;
				CLANG_WARN_ENUM_CONVERSION = YES;
				CLANG_WARN_INFINITE_RECURSION = YES;
				CLANG_WARN_INT_CONVERSION = YES;
				CLANG_WARN_NON_LITERAL_NULL_CONVERSION = YES;
				CLANG_WARN_OBJC_IMPLICIT_RETAIN_SELF = YES;
				CLANG_WARN_OBJC_LITERAL_CONVERSION = YES;
				CLANG_WARN_OBJC_ROOT_CLASS = YES_ERROR;
				CLANG_WARN_QUOTED_INCLUDE_IN_FRAMEWORK_HEADER = YES;
				CLANG_WARN_RANGE_LOOP_ANALYSIS = YES;
				CLANG_WARN_STRICT_PROTOTYPES = YES;
				CLANG_WARN_SUSPICIOUS_MOVE = YES;
				CLANG_WARN_UNGUARDED_AVAILABILITY = YES_AGGRESSIVE;
				CLANG_WARN_UNREACHABLE_CODE = YES;
				CLANG_WARN__DUPLICATE_METHOD_MATCH = YES;
				COPY_PHASE_STRIP = NO;
				DEAD_CODE_STRIPPING = YES;
				DEBUG_INFORMATION_FORMAT = "dwarf-with-dsym";
				ENABLE_NS_ASSERTIONS = NO;
				ENABLE_STRICT_OBJC_MSGSEND = YES;
				GCC_C_LANGUAGE_STANDARD = gnu11;
				GCC_NO_COMMON_BLOCKS = YES;
				GCC_WARN_64_TO_32_BIT_CONVERSION = YES;
				GCC_WARN_ABOUT_RETURN_TYPE = YES_ERROR;
				GCC_WARN_UNDECLARED_SELECTOR = YES;
				GCC_WARN_UNINITIALIZED_AUTOS = YES_AGGRESSIVE;
				GCC_WARN_UNUSED_FUNCTION = YES;
				GCC_WARN_UNUSED_VARIABLE = YES;
				MTL_ENABLE_DEBUG_INFO = NO;
				PRODUCT_NAME = "$(TARGET_NAME)";
				VALIDATE_PRODUCT = YES;
			};
			name = Release;
		};
		7D1EADE51FACDCD99FDF69D7 /* Debug */ = {
			isa = XCBuildConfiguration;
			buildSettings = {
				ALWAYS_SEARCH_USER_PATHS = NO;
				CLANG_ANALYZER_LOCALIZABILITY_NONLOCALIZED = YES;
				CLANG_ANALYZER_NONNULL = YES;
				CLANG_ANALYZER_NUMBER_OBJECT_CONVERSION = YES_AGGRESSIVE;
				CLANG_CXX_LANGUAGE_STANDARD = "gnu++14";
				CLANG_CXX_LIBRARY = "libc++";
				CLANG_ENABLE_MODULES = YES;
				CLANG_ENABLE_OBJC_ARC = YES;
				CLANG_ENABLE_OBJC_WEAK = YES;
				CLANG_WARN_BLOCK_CAPTURE_AUTORELEASING = YES;
				CLANG_WARN_BOOL_CONVERSION = YES;
				CLANG_WARN_COMMA = YES;
				CLANG_WARN_CONSTANT_CONVERSION = YES;
				CLANG_WARN_DEPRECATED_OBJC_IMPLEMENTATIONS = YES;
				CLANG_WARN_DIRECT_OBJC_ISA_USAGE = YES_ERROR;
				CLANG_WARN_DOCUMENTATION_COMMENTS = YES;
				CLANG_WARN_EMPTY_BODY = YES;
				CLANG_WARN_ENUM_CONVERSION = YES;
				CLANG_WARN_INFINITE_RECURSION = YES;
				CLANG_WARN_INT_CONVERSION = YES;
				CLANG_WARN_NON_LITERAL_NULL_CONVERSION = YES;
				CLANG_WARN_OBJC_IMPLICIT_RETAIN_SELF = YES;
				CLANG_WARN_OBJC_LITERAL_CONVERSION = YES;
				CLANG_WARN_OBJC_ROOT_CLASS = YES_ERROR;
				CLANG_WARN_QUOTED_INCLUDE_IN_FRAMEWORK_HEADER = YES;
				CLANG_WARN_RANGE_LOOP_ANALYSIS = YES;
				CLANG_WARN_STRICT_PROTOTYPES = YES;
				CLANG_WARN_SUSPICIOUS_MOVE = YES;
				CLANG_WARN_UNGUARDED_AVAILABILITY = YES_AGGRESSIVE;
				CLANG_WARN_UNREACHABLE_CODE = YES;
				CLANG_WARN__DUPLICATE_METHOD_MATCH = YES;
				COPY_PHASE_STRIP = NO;
				DEAD_CODE_STRIPPING = YES;
				DEBUG_INFORMATION_FORMAT = dwarf;
				ENABLE_STRICT_OBJC_MSGSEND = YES;
				ENABLE_TESTABILITY = YES;
				GCC_C_LANGUAGE_STANDARD = gnu11;
				GCC_DYNAMIC_NO_PIC = NO;
				GCC_NO_COMMON_BLOCKS = YES;
				GCC_OPTIMIZATION_LEVEL = 0;
				GCC_PREPROCESSOR_DEFINITIONS = (
					"DEBUG=1",
					"$(inherited)",
				);
				GCC_WARN_64_TO_32_BIT_CONVERSION = YES;
				GCC_WARN_ABOUT_RETURN_TYPE = YES_ERROR;
				GCC_WARN_UNDECLARED_SELECTOR = YES;
				GCC_WARN_UNINITIALIZED_AUTOS = YES_AGGRESSIVE;
				GCC_WARN_UNUSED_FUNCTION = YES;
				GCC_WARN_UNUSED_VARIABLE = YES;
				MTL_ENABLE_DEBUG_INFO = YES;
				ONLY_ACTIVE_ARCH = YES;
				PRODUCT_NAME = "$(TARGET_NAME)";
			};
			name = Debug;
		};
		B0839CBADCAB92BC12FE2E2D /* Debug */ = {
			isa = XCBuildConfiguration;
			baseConfigurationReference = 847D196CBBB85EF6700C06AD /* Pods-RoutineJournal.debug.xcconfig */;
			buildSettings = {
				ASSETCATALOG_COMPILER_APPICON_NAME = AppIcon;
				CODE_SIGN_IDENTITY = "iPhone Developer";
				ENABLE_PREVIEWS = YES;
				INFOPLIST_FILE = "Derived/InfoPlists/RoutineJournal-Info.plist";
				IPHONEOS_DEPLOYMENT_TARGET = 15.4;
				LD_RUNPATH_SEARCH_PATHS = (
					"$(inherited)",
					"@executable_path/Frameworks",
				);
				PRODUCT_BUNDLE_IDENTIFIER = com.vanyauhalin.RoutineJournal;
				PRODUCT_NAME = RoutineJournal;
				SDKROOT = iphoneos;
				SUPPORTS_MACCATALYST = NO;
				SWIFT_ACTIVE_COMPILATION_CONDITIONS = DEBUG;
				SWIFT_COMPILATION_MODE = singlefile;
				SWIFT_OPTIMIZATION_LEVEL = "-Onone";
				SWIFT_VERSION = 5.0;
				TARGETED_DEVICE_FAMILY = 1;
			};
			name = Debug;
		};
		FB15302A68D67E3AB594E80B /* Release */ = {
			isa = XCBuildConfiguration;
			baseConfigurationReference = D0CF090189E9C0FDFA5F6859 /* Pods-RoutineJournal.release.xcconfig */;
			buildSettings = {
				ASSETCATALOG_COMPILER_APPICON_NAME = AppIcon;
				CODE_SIGN_IDENTITY = "iPhone Developer";
				ENABLE_PREVIEWS = YES;
				INFOPLIST_FILE = "Derived/InfoPlists/RoutineJournal-Info.plist";
				IPHONEOS_DEPLOYMENT_TARGET = 15.4;
				LD_RUNPATH_SEARCH_PATHS = (
					"$(inherited)",
					"@executable_path/Frameworks",
				);
				PRODUCT_BUNDLE_IDENTIFIER = com.vanyauhalin.RoutineJournal;
				PRODUCT_NAME = RoutineJournal;
				SDKROOT = iphoneos;
				SUPPORTS_MACCATALYST = NO;
				SWIFT_COMPILATION_MODE = wholemodule;
				SWIFT_OPTIMIZATION_LEVEL = "-Owholemodule";
				SWIFT_VERSION = 5.0;
				TARGETED_DEVICE_FAMILY = 1;
			};
			name = Release;
		};
/* End XCBuildConfiguration section */

/* Begin XCConfigurationList section */
		5FEC6C00F33BBCE4BCC5E992 /* Build configuration list for PBXNativeTarget "RoutineJournal" */ = {
			isa = XCConfigurationList;
			buildConfigurations = (
				B0839CBADCAB92BC12FE2E2D /* Debug */,
				FB15302A68D67E3AB594E80B /* Release */,
			);
			defaultConfigurationIsVisible = 0;
			defaultConfigurationName = Release;
		};
		720E8754DACCDCA0B7175A88 /* Build configuration list for PBXProject "RoutineJournal" */ = {
			isa = XCConfigurationList;
			buildConfigurations = (
				7D1EADE51FACDCD99FDF69D7 /* Debug */,
				21E8A0C5FE63DDBF2D38CECF /* Release */,
			);
			defaultConfigurationIsVisible = 0;
			defaultConfigurationName = Release;
		};
/* End XCConfigurationList section */
	};
	rootObject = 2566278D408130683CF051B5 /* Project object */;
}
