// !$*UTF8*$!
{
	archiveVersion = 1;
	classes = {
	};
	objectVersion = 55;
	objects = {

/* Begin PBXBuildFile section */
		A9D05B27E42D8E13529A779D /* Pods_RoutineJournal.framework in Frameworks */ = {isa = PBXBuildFile; fileRef = 62CEE04A71FE2C38292DF09C /* Pods_RoutineJournal.framework */; };
		FA11A2DF28E44BDF009DB9D0 /* View.swift in Sources */ = {isa = PBXBuildFile; fileRef = FA11A2DE28E44BDF009DB9D0 /* View.swift */; };
		FA11A2E328E58615009DB9D0 /* CalendarMonthViewModel.swift in Sources */ = {isa = PBXBuildFile; fileRef = FA11A2E228E58615009DB9D0 /* CalendarMonthViewModel.swift */; };
		FA11A2E528E5B00B009DB9D0 /* SpaceEvenlyView.swift in Sources */ = {isa = PBXBuildFile; fileRef = FA11A2E428E5B00B009DB9D0 /* SpaceEvenlyView.swift */; };
		FA11A2E928E5B041009DB9D0 /* SpaceEvenlyViewModel.swift in Sources */ = {isa = PBXBuildFile; fileRef = FA11A2E828E5B041009DB9D0 /* SpaceEvenlyViewModel.swift */; };
		FA2A224C28E1DD3F00A641CD /* CalendarDay.swift in Sources */ = {isa = PBXBuildFile; fileRef = FA2A224B28E1DD3F00A641CD /* CalendarDay.swift */; };
		FA4657AA28E05B800064973B /* CalendarView.swift in Sources */ = {isa = PBXBuildFile; fileRef = FA4657A928E05B800064973B /* CalendarView.swift */; };
		FA4657AD28E05DD90064973B /* CalendarDayView.swift in Sources */ = {isa = PBXBuildFile; fileRef = FA4657AC28E05DD90064973B /* CalendarDayView.swift */; };
		FA4657B428E0B5670064973B /* CalendarViewModel.swift in Sources */ = {isa = PBXBuildFile; fileRef = FA4657B328E0B5670064973B /* CalendarViewModel.swift */; };
		FA4657BB28E0BCF90064973B /* CalendarWeekdayView.swift in Sources */ = {isa = PBXBuildFile; fileRef = FA4657BA28E0BCF90064973B /* CalendarWeekdayView.swift */; };
		FA4657BE28E1719F0064973B /* CalendarMonthView.swift in Sources */ = {isa = PBXBuildFile; fileRef = FA4657BD28E1719F0064973B /* CalendarMonthView.swift */; };
		FA4657C028E172F20064973B /* CalendarMonth.swift in Sources */ = {isa = PBXBuildFile; fileRef = FA4657BF28E172F20064973B /* CalendarMonth.swift */; };
		FA5BF5D928D47576007304C4 /* RoutineJournal.swift in Sources */ = {isa = PBXBuildFile; fileRef = FA5BF5D828D47576007304C4 /* RoutineJournal.swift */; };
		FA5BF5DB28D47576007304C4 /* ContentView.swift in Sources */ = {isa = PBXBuildFile; fileRef = FA5BF5DA28D47576007304C4 /* ContentView.swift */; };
		FA5BF5DD28D47579007304C4 /* Assets.xcassets in Resources */ = {isa = PBXBuildFile; fileRef = FA5BF5DC28D47579007304C4 /* Assets.xcassets */; };
		FA5BF5E028D47579007304C4 /* Preview Assets.xcassets in Resources */ = {isa = PBXBuildFile; fileRef = FA5BF5DF28D47579007304C4 /* Preview Assets.xcassets */; };
		FA8FD65728EC44870055AC87 /* SpaceEvenlyContainerView.swift in Sources */ = {isa = PBXBuildFile; fileRef = FA8FD65628EC44870055AC87 /* SpaceEvenlyContainerView.swift */; };
		FA9114BC28D9C43D004D8B7D /* .swiftlint.yml in Resources */ = {isa = PBXBuildFile; fileRef = FA9114BA28D9C43D004D8B7D /* .swiftlint.yml */; };
		FA9114BD28D9C43D004D8B7D /* .gitignore in Resources */ = {isa = PBXBuildFile; fileRef = FA9114BB28D9C43D004D8B7D /* .gitignore */; };
		FAC8B6DA28E6E3440003EE95 /* CalendarDayViewModel.swift in Sources */ = {isa = PBXBuildFile; fileRef = FAC8B6D928E6E3440003EE95 /* CalendarDayViewModel.swift */; };
		FAC8B6E128E72B500003EE95 /* CalendarWeekdaysView.swift in Sources */ = {isa = PBXBuildFile; fileRef = FAC8B6E028E72B500003EE95 /* CalendarWeekdaysView.swift */; };
		FAC8B6E528E742440003EE95 /* CalendarMonthsView.swift in Sources */ = {isa = PBXBuildFile; fileRef = FAC8B6E428E742440003EE95 /* CalendarMonthsView.swift */; };
		FAC8B6E728E743870003EE95 /* CalendarMonthsViewModel.swift in Sources */ = {isa = PBXBuildFile; fileRef = FAC8B6E628E743870003EE95 /* CalendarMonthsViewModel.swift */; };
/* End PBXBuildFile section */

/* Begin PBXFileReference section */
		53557CCA72CE4F745AF312F3 /* Pods-RoutineJournal.release.xcconfig */ = {isa = PBXFileReference; includeInIndex = 1; lastKnownFileType = text.xcconfig; name = "Pods-RoutineJournal.release.xcconfig"; path = "Target Support Files/Pods-RoutineJournal/Pods-RoutineJournal.release.xcconfig"; sourceTree = "<group>"; };
		62CEE04A71FE2C38292DF09C /* Pods_RoutineJournal.framework */ = {isa = PBXFileReference; explicitFileType = wrapper.framework; includeInIndex = 0; path = Pods_RoutineJournal.framework; sourceTree = BUILT_PRODUCTS_DIR; };
		CE9E17D1FC8AA6519743BCFE /* Pods-RoutineJournal.debug.xcconfig */ = {isa = PBXFileReference; includeInIndex = 1; lastKnownFileType = text.xcconfig; name = "Pods-RoutineJournal.debug.xcconfig"; path = "Target Support Files/Pods-RoutineJournal/Pods-RoutineJournal.debug.xcconfig"; sourceTree = "<group>"; };
		FA11A2DE28E44BDF009DB9D0 /* View.swift */ = {isa = PBXFileReference; lastKnownFileType = sourcecode.swift; path = View.swift; sourceTree = "<group>"; };
		FA11A2E228E58615009DB9D0 /* CalendarMonthViewModel.swift */ = {isa = PBXFileReference; lastKnownFileType = sourcecode.swift; path = CalendarMonthViewModel.swift; sourceTree = "<group>"; };
		FA11A2E428E5B00B009DB9D0 /* SpaceEvenlyView.swift */ = {isa = PBXFileReference; lastKnownFileType = sourcecode.swift; path = SpaceEvenlyView.swift; sourceTree = "<group>"; };
		FA11A2E828E5B041009DB9D0 /* SpaceEvenlyViewModel.swift */ = {isa = PBXFileReference; lastKnownFileType = sourcecode.swift; path = SpaceEvenlyViewModel.swift; sourceTree = "<group>"; };
		FA2A224B28E1DD3F00A641CD /* CalendarDay.swift */ = {isa = PBXFileReference; lastKnownFileType = sourcecode.swift; path = CalendarDay.swift; sourceTree = "<group>"; };
		FA4657A928E05B800064973B /* CalendarView.swift */ = {isa = PBXFileReference; lastKnownFileType = sourcecode.swift; path = CalendarView.swift; sourceTree = "<group>"; };
		FA4657AC28E05DD90064973B /* CalendarDayView.swift */ = {isa = PBXFileReference; lastKnownFileType = sourcecode.swift; path = CalendarDayView.swift; sourceTree = "<group>"; };
		FA4657B328E0B5670064973B /* CalendarViewModel.swift */ = {isa = PBXFileReference; lastKnownFileType = sourcecode.swift; path = CalendarViewModel.swift; sourceTree = "<group>"; };
		FA4657BA28E0BCF90064973B /* CalendarWeekdayView.swift */ = {isa = PBXFileReference; lastKnownFileType = sourcecode.swift; path = CalendarWeekdayView.swift; sourceTree = "<group>"; };
		FA4657BD28E1719F0064973B /* CalendarMonthView.swift */ = {isa = PBXFileReference; lastKnownFileType = sourcecode.swift; path = CalendarMonthView.swift; sourceTree = "<group>"; };
		FA4657BF28E172F20064973B /* CalendarMonth.swift */ = {isa = PBXFileReference; lastKnownFileType = sourcecode.swift; path = CalendarMonth.swift; sourceTree = "<group>"; };
		FA5BF5D528D47576007304C4 /* RoutineJournal.app */ = {isa = PBXFileReference; explicitFileType = wrapper.application; includeInIndex = 0; path = RoutineJournal.app; sourceTree = BUILT_PRODUCTS_DIR; };
		FA5BF5D828D47576007304C4 /* RoutineJournal.swift */ = {isa = PBXFileReference; lastKnownFileType = sourcecode.swift; path = RoutineJournal.swift; sourceTree = "<group>"; };
		FA5BF5DA28D47576007304C4 /* ContentView.swift */ = {isa = PBXFileReference; lastKnownFileType = sourcecode.swift; path = ContentView.swift; sourceTree = "<group>"; };
		FA5BF5DC28D47579007304C4 /* Assets.xcassets */ = {isa = PBXFileReference; lastKnownFileType = folder.assetcatalog; path = Assets.xcassets; sourceTree = "<group>"; };
		FA5BF5DF28D47579007304C4 /* Preview Assets.xcassets */ = {isa = PBXFileReference; lastKnownFileType = folder.assetcatalog; path = "Preview Assets.xcassets"; sourceTree = "<group>"; };
		FA8FD65628EC44870055AC87 /* SpaceEvenlyContainerView.swift */ = {isa = PBXFileReference; lastKnownFileType = sourcecode.swift; path = SpaceEvenlyContainerView.swift; sourceTree = "<group>"; };
		FA9114BA28D9C43D004D8B7D /* .swiftlint.yml */ = {isa = PBXFileReference; fileEncoding = 4; lastKnownFileType = text.yaml; path = .swiftlint.yml; sourceTree = "<group>"; };
		FA9114BB28D9C43D004D8B7D /* .gitignore */ = {isa = PBXFileReference; fileEncoding = 4; lastKnownFileType = text; path = .gitignore; sourceTree = "<group>"; };
		FAC8B6D928E6E3440003EE95 /* CalendarDayViewModel.swift */ = {isa = PBXFileReference; lastKnownFileType = sourcecode.swift; path = CalendarDayViewModel.swift; sourceTree = "<group>"; };
		FAC8B6E028E72B500003EE95 /* CalendarWeekdaysView.swift */ = {isa = PBXFileReference; lastKnownFileType = sourcecode.swift; path = CalendarWeekdaysView.swift; sourceTree = "<group>"; };
		FAC8B6E428E742440003EE95 /* CalendarMonthsView.swift */ = {isa = PBXFileReference; lastKnownFileType = sourcecode.swift; path = CalendarMonthsView.swift; sourceTree = "<group>"; };
		FAC8B6E628E743870003EE95 /* CalendarMonthsViewModel.swift */ = {isa = PBXFileReference; lastKnownFileType = sourcecode.swift; path = CalendarMonthsViewModel.swift; sourceTree = "<group>"; };
/* End PBXFileReference section */

/* Begin PBXFrameworksBuildPhase section */
		FA5BF5D228D47576007304C4 /* Frameworks */ = {
			isa = PBXFrameworksBuildPhase;
			buildActionMask = 2147483647;
			files = (
				A9D05B27E42D8E13529A779D /* Pods_RoutineJournal.framework in Frameworks */,
			);
			runOnlyForDeploymentPostprocessing = 0;
		};
/* End PBXFrameworksBuildPhase section */

/* Begin PBXGroup section */
		3919036B862B283555B5D256 /* Pods */ = {
			isa = PBXGroup;
			children = (
				CE9E17D1FC8AA6519743BCFE /* Pods-RoutineJournal.debug.xcconfig */,
				53557CCA72CE4F745AF312F3 /* Pods-RoutineJournal.release.xcconfig */,
			);
			path = Pods;
			sourceTree = "<group>";
		};
		93F6260D4233A4ED18FCF9EA /* Frameworks */ = {
			isa = PBXGroup;
			children = (
				62CEE04A71FE2C38292DF09C /* Pods_RoutineJournal.framework */,
			);
			name = Frameworks;
			sourceTree = "<group>";
		};
		FA11A2DD28E44BC9009DB9D0 /* Utilities */ = {
			isa = PBXGroup;
			children = (
				FA11A2DE28E44BDF009DB9D0 /* View.swift */,
				FA11A2E728E5B034009DB9D0 /* SpaceEvenly */,
			);
			path = Utilities;
			sourceTree = "<group>";
		};
		FA11A2E728E5B034009DB9D0 /* SpaceEvenly */ = {
			isa = PBXGroup;
			children = (
				FA8FD65628EC44870055AC87 /* SpaceEvenlyContainerView.swift */,
				FA11A2E428E5B00B009DB9D0 /* SpaceEvenlyView.swift */,
				FA11A2E828E5B041009DB9D0 /* SpaceEvenlyViewModel.swift */,
			);
			name = SpaceEvenly;
			sourceTree = "<group>";
		};
		FA4657A828E05B710064973B /* Calendar */ = {
			isa = PBXGroup;
			children = (
				FA4657A928E05B800064973B /* CalendarView.swift */,
				FA4657B328E0B5670064973B /* CalendarViewModel.swift */,
				FA4657AB28E05DCD0064973B /* CalendarDay */,
				FA4657BC28E1718F0064973B /* CalendarMonth */,
				FAC8B6E328E7423B0003EE95 /* CalendarMonths */,
				FA4657B728E0BCD00064973B /* CalendarWeekday */,
				FAC8B6DF28E6FB580003EE95 /* CalendarWeekdays */,
			);
			name = Calendar;
			sourceTree = "<group>";
		};
		FA4657AB28E05DCD0064973B /* CalendarDay */ = {
			isa = PBXGroup;
			children = (
				FA2A224B28E1DD3F00A641CD /* CalendarDay.swift */,
				FA4657AC28E05DD90064973B /* CalendarDayView.swift */,
				FAC8B6D928E6E3440003EE95 /* CalendarDayViewModel.swift */,
			);
			name = CalendarDay;
			sourceTree = "<group>";
		};
		FA4657B728E0BCD00064973B /* CalendarWeekday */ = {
			isa = PBXGroup;
			children = (
				FA4657BA28E0BCF90064973B /* CalendarWeekdayView.swift */,
			);
			name = CalendarWeekday;
			sourceTree = "<group>";
		};
		FA4657BC28E1718F0064973B /* CalendarMonth */ = {
			isa = PBXGroup;
			children = (
				FA4657BF28E172F20064973B /* CalendarMonth.swift */,
				FA4657BD28E1719F0064973B /* CalendarMonthView.swift */,
				FA11A2E228E58615009DB9D0 /* CalendarMonthViewModel.swift */,
			);
			name = CalendarMonth;
			sourceTree = "<group>";
		};
		FA5BF5CC28D47576007304C4 = {
			isa = PBXGroup;
			children = (
				FA9114BB28D9C43D004D8B7D /* .gitignore */,
				FA9114BA28D9C43D004D8B7D /* .swiftlint.yml */,
				93F6260D4233A4ED18FCF9EA /* Frameworks */,
				3919036B862B283555B5D256 /* Pods */,
				FA5BF5D628D47576007304C4 /* Products */,
				FA5BF5D728D47576007304C4 /* RoutineJournal */,
			);
			sourceTree = "<group>";
		};
		FA5BF5D628D47576007304C4 /* Products */ = {
			isa = PBXGroup;
			children = (
				FA5BF5D528D47576007304C4 /* RoutineJournal.app */,
			);
			name = Products;
			sourceTree = "<group>";
		};
		FA5BF5D728D47576007304C4 /* RoutineJournal */ = {
			isa = PBXGroup;
			children = (
				FA5BF5D828D47576007304C4 /* RoutineJournal.swift */,
				FA5BF5DC28D47579007304C4 /* Assets.xcassets */,
				FA5BF5DE28D47579007304C4 /* Preview Content */,
				FA11A2DD28E44BC9009DB9D0 /* Utilities */,
				FAE70D0728D5CC26002BF76C /* Views */,
			);
			path = RoutineJournal;
			sourceTree = "<group>";
		};
		FA5BF5DE28D47579007304C4 /* Preview Content */ = {
			isa = PBXGroup;
			children = (
				FA5BF5DF28D47579007304C4 /* Preview Assets.xcassets */,
			);
			path = "Preview Content";
			sourceTree = "<group>";
		};
		FAC8B6DF28E6FB580003EE95 /* CalendarWeekdays */ = {
			isa = PBXGroup;
			children = (
				FAC8B6E028E72B500003EE95 /* CalendarWeekdaysView.swift */,
			);
			name = CalendarWeekdays;
			sourceTree = "<group>";
		};
		FAC8B6E328E7423B0003EE95 /* CalendarMonths */ = {
			isa = PBXGroup;
			children = (
				FAC8B6E428E742440003EE95 /* CalendarMonthsView.swift */,
				FAC8B6E628E743870003EE95 /* CalendarMonthsViewModel.swift */,
			);
			name = CalendarMonths;
			sourceTree = "<group>";
		};
		FAE70D0728D5CC26002BF76C /* Views */ = {
			isa = PBXGroup;
			children = (
				FA5BF5DA28D47576007304C4 /* ContentView.swift */,
				FA4657A828E05B710064973B /* Calendar */,
			);
			path = Views;
			sourceTree = "<group>";
		};
/* End PBXGroup section */

/* Begin PBXNativeTarget section */
		FA5BF5D428D47576007304C4 /* RoutineJournal */ = {
			isa = PBXNativeTarget;
			buildConfigurationList = FA5BF5F928D47579007304C4 /* Build configuration list for PBXNativeTarget "RoutineJournal" */;
			buildPhases = (
				170F4343C29A5E6D86CF2721 /* [CP] Check Pods Manifest.lock */,
				FA5BF5D128D47576007304C4 /* Sources */,
				FA5BF5D228D47576007304C4 /* Frameworks */,
				FA5BF5D328D47576007304C4 /* Resources */,
				FA5BF60228D49582007304C4 /* SwiftLint */,
			);
			buildRules = (
			);
			dependencies = (
			);
			name = RoutineJournal;
			productName = RoutineJournal;
			productReference = FA5BF5D528D47576007304C4 /* RoutineJournal.app */;
			productType = "com.apple.product-type.application";
		};
/* End PBXNativeTarget section */

/* Begin PBXProject section */
		FA5BF5CD28D47576007304C4 /* Project object */ = {
			isa = PBXProject;
			attributes = {
				BuildIndependentTargetsInParallel = 1;
				LastSwiftUpdateCheck = 1330;
				LastUpgradeCheck = 1330;
				TargetAttributes = {
					FA5BF5D428D47576007304C4 = {
						CreatedOnToolsVersion = 13.3.1;
					};
				};
			};
			buildConfigurationList = FA5BF5D028D47576007304C4 /* Build configuration list for PBXProject "RoutineJournal" */;
			compatibilityVersion = "Xcode 13.0";
			developmentRegion = en;
			hasScannedForEncodings = 0;
			knownRegions = (
				en,
				Base,
			);
			mainGroup = FA5BF5CC28D47576007304C4;
			productRefGroup = FA5BF5D628D47576007304C4 /* Products */;
			projectDirPath = "";
			projectRoot = "";
			targets = (
				FA5BF5D428D47576007304C4 /* RoutineJournal */,
			);
		};
/* End PBXProject section */

/* Begin PBXResourcesBuildPhase section */
		FA5BF5D328D47576007304C4 /* Resources */ = {
			isa = PBXResourcesBuildPhase;
			buildActionMask = 2147483647;
			files = (
				FA9114BD28D9C43D004D8B7D /* .gitignore in Resources */,
				FA9114BC28D9C43D004D8B7D /* .swiftlint.yml in Resources */,
				FA5BF5E028D47579007304C4 /* Preview Assets.xcassets in Resources */,
				FA5BF5DD28D47579007304C4 /* Assets.xcassets in Resources */,
			);
			runOnlyForDeploymentPostprocessing = 0;
		};
/* End PBXResourcesBuildPhase section */

/* Begin PBXShellScriptBuildPhase section */
		170F4343C29A5E6D86CF2721 /* [CP] Check Pods Manifest.lock */ = {
			isa = PBXShellScriptBuildPhase;
			buildActionMask = 2147483647;
			files = (
			);
			inputFileListPaths = (
			);
			inputPaths = (
				"${PODS_PODFILE_DIR_PATH}/Podfile.lock",
				"${PODS_ROOT}/Manifest.lock",
			);
			name = "[CP] Check Pods Manifest.lock";
			outputFileListPaths = (
			);
			outputPaths = (
				"$(DERIVED_FILE_DIR)/Pods-RoutineJournal-checkManifestLockResult.txt",
			);
			runOnlyForDeploymentPostprocessing = 0;
			shellPath = /bin/sh;
			shellScript = "diff \"${PODS_PODFILE_DIR_PATH}/Podfile.lock\" \"${PODS_ROOT}/Manifest.lock\" > /dev/null\nif [ $? != 0 ] ; then\n    # print error to STDERR\n    echo \"error: The sandbox is not in sync with the Podfile.lock. Run 'pod install' or update your CocoaPods installation.\" >&2\n    exit 1\nfi\n# This output is used by Xcode 'outputs' to avoid re-running this script phase.\necho \"SUCCESS\" > \"${SCRIPT_OUTPUT_FILE_0}\"\n";
			showEnvVarsInLog = 0;
		};
		FA5BF60228D49582007304C4 /* SwiftLint */ = {
			isa = PBXShellScriptBuildPhase;
			buildActionMask = 2147483647;
			files = (
			);
			inputFileListPaths = (
			);
			inputPaths = (
			);
			name = SwiftLint;
			outputFileListPaths = (
			);
			outputPaths = (
			);
			runOnlyForDeploymentPostprocessing = 0;
			shellPath = /bin/sh;
			shellScript = "BIN=${PWD}/Pods/SwiftLint/swiftlint\nif which $BIN >/dev/null; then\n  $BIN\nelse\n  echo \"warning: SwiftLint not installed, download from https://github.com/realm/SwiftLint\"\nfi\n";
		};
/* End PBXShellScriptBuildPhase section */

/* Begin PBXSourcesBuildPhase section */
		FA5BF5D128D47576007304C4 /* Sources */ = {
			isa = PBXSourcesBuildPhase;
			buildActionMask = 2147483647;
			files = (
				FA4657C028E172F20064973B /* CalendarMonth.swift in Sources */,
				FA11A2E328E58615009DB9D0 /* CalendarMonthViewModel.swift in Sources */,
				FAC8B6E528E742440003EE95 /* CalendarMonthsView.swift in Sources */,
				FA4657B428E0B5670064973B /* CalendarViewModel.swift in Sources */,
				FA11A2E528E5B00B009DB9D0 /* SpaceEvenlyView.swift in Sources */,
				FAC8B6E728E743870003EE95 /* CalendarMonthsViewModel.swift in Sources */,
				FA11A2DF28E44BDF009DB9D0 /* View.swift in Sources */,
				FA11A2E928E5B041009DB9D0 /* SpaceEvenlyViewModel.swift in Sources */,
				FAC8B6E128E72B500003EE95 /* CalendarWeekdaysView.swift in Sources */,
				FA4657AA28E05B800064973B /* CalendarView.swift in Sources */,
				FA4657BB28E0BCF90064973B /* CalendarWeekdayView.swift in Sources */,
				FA5BF5DB28D47576007304C4 /* ContentView.swift in Sources */,
				FA5BF5D928D47576007304C4 /* RoutineJournal.swift in Sources */,
				FA8FD65728EC44870055AC87 /* SpaceEvenlyContainerView.swift in Sources */,
				FAC8B6DA28E6E3440003EE95 /* CalendarDayViewModel.swift in Sources */,
				FA4657BE28E1719F0064973B /* CalendarMonthView.swift in Sources */,
				FA4657AD28E05DD90064973B /* CalendarDayView.swift in Sources */,
				FA2A224C28E1DD3F00A641CD /* CalendarDay.swift in Sources */,
			);
			runOnlyForDeploymentPostprocessing = 0;
		};
/* End PBXSourcesBuildPhase section */

/* Begin XCBuildConfiguration section */
		FA5BF5F728D47579007304C4 /* Debug */ = {
			isa = XCBuildConfiguration;
			buildSettings = {
				ALWAYS_SEARCH_USER_PATHS = NO;
				CLANG_ANALYZER_NONNULL = YES;
				CLANG_ANALYZER_NUMBER_OBJECT_CONVERSION = YES_AGGRESSIVE;
				CLANG_CXX_LANGUAGE_STANDARD = "gnu++17";
				CLANG_ENABLE_MODULES = YES;
				CLANG_ENABLE_OBJC_ARC = YES;
				CLANG_ENABLE_OBJC_WEAK = YES;
				CLANG_WARN_BLOCK_CAPTURE_AUTORELEASING = YES;
				CLANG_WARN_BOOL_CONVERSION = YES;
				CLANG_WARN_COMMA = YES;
				CLANG_WARN_CONSTANT_CONVERSION = YES;
				CLANG_WARN_DEPRECATED_OBJC_IMPLEMENTATIONS = YES;
				CLANG_WARN_DIRECT_OBJC_ISA_USAGE = YES_ERROR;
				CLANG_WARN_DOCUMENTATION_COMMENTS = YES;
				CLANG_WARN_EMPTY_BODY = YES;
				CLANG_WARN_ENUM_CONVERSION = YES;
				CLANG_WARN_INFINITE_RECURSION = YES;
				CLANG_WARN_INT_CONVERSION = YES;
				CLANG_WARN_NON_LITERAL_NULL_CONVERSION = YES;
				CLANG_WARN_OBJC_IMPLICIT_RETAIN_SELF = YES;
				CLANG_WARN_OBJC_LITERAL_CONVERSION = YES;
				CLANG_WARN_OBJC_ROOT_CLASS = YES_ERROR;
				CLANG_WARN_QUOTED_INCLUDE_IN_FRAMEWORK_HEADER = YES;
				CLANG_WARN_RANGE_LOOP_ANALYSIS = YES;
				CLANG_WARN_STRICT_PROTOTYPES = YES;
				CLANG_WARN_SUSPICIOUS_MOVE = YES;
				CLANG_WARN_UNGUARDED_AVAILABILITY = YES_AGGRESSIVE;
				CLANG_WARN_UNREACHABLE_CODE = YES;
				CLANG_WARN__DUPLICATE_METHOD_MATCH = YES;
				COPY_PHASE_STRIP = NO;
				DEBUG_INFORMATION_FORMAT = dwarf;
				ENABLE_STRICT_OBJC_MSGSEND = YES;
				ENABLE_TESTABILITY = YES;
				GCC_C_LANGUAGE_STANDARD = gnu11;
				GCC_DYNAMIC_NO_PIC = NO;
				GCC_NO_COMMON_BLOCKS = YES;
				GCC_OPTIMIZATION_LEVEL = 0;
				GCC_PREPROCESSOR_DEFINITIONS = (
					"DEBUG=1",
					"$(inherited)",
				);
				GCC_WARN_64_TO_32_BIT_CONVERSION = YES;
				GCC_WARN_ABOUT_RETURN_TYPE = YES_ERROR;
				GCC_WARN_UNDECLARED_SELECTOR = YES;
				GCC_WARN_UNINITIALIZED_AUTOS = YES_AGGRESSIVE;
				GCC_WARN_UNUSED_FUNCTION = YES;
				GCC_WARN_UNUSED_VARIABLE = YES;
				IPHONEOS_DEPLOYMENT_TARGET = 15.4;
				MTL_ENABLE_DEBUG_INFO = INCLUDE_SOURCE;
				MTL_FAST_MATH = YES;
				ONLY_ACTIVE_ARCH = YES;
				SDKROOT = iphoneos;
				SWIFT_ACTIVE_COMPILATION_CONDITIONS = DEBUG;
				SWIFT_OPTIMIZATION_LEVEL = "-Onone";
			};
			name = Debug;
		};
		FA5BF5F828D47579007304C4 /* Release */ = {
			isa = XCBuildConfiguration;
			buildSettings = {
				ALWAYS_SEARCH_USER_PATHS = NO;
				CLANG_ANALYZER_NONNULL = YES;
				CLANG_ANALYZER_NUMBER_OBJECT_CONVERSION = YES_AGGRESSIVE;
				CLANG_CXX_LANGUAGE_STANDARD = "gnu++17";
				CLANG_ENABLE_MODULES = YES;
				CLANG_ENABLE_OBJC_ARC = YES;
				CLANG_ENABLE_OBJC_WEAK = YES;
				CLANG_WARN_BLOCK_CAPTURE_AUTORELEASING = YES;
				CLANG_WARN_BOOL_CONVERSION = YES;
				CLANG_WARN_COMMA = YES;
				CLANG_WARN_CONSTANT_CONVERSION = YES;
				CLANG_WARN_DEPRECATED_OBJC_IMPLEMENTATIONS = YES;
				CLANG_WARN_DIRECT_OBJC_ISA_USAGE = YES_ERROR;
				CLANG_WARN_DOCUMENTATION_COMMENTS = YES;
				CLANG_WARN_EMPTY_BODY = YES;
				CLANG_WARN_ENUM_CONVERSION = YES;
				CLANG_WARN_INFINITE_RECURSION = YES;
				CLANG_WARN_INT_CONVERSION = YES;
				CLANG_WARN_NON_LITERAL_NULL_CONVERSION = YES;
				CLANG_WARN_OBJC_IMPLICIT_RETAIN_SELF = YES;
				CLANG_WARN_OBJC_LITERAL_CONVERSION = YES;
				CLANG_WARN_OBJC_ROOT_CLASS = YES_ERROR;
				CLANG_WARN_QUOTED_INCLUDE_IN_FRAMEWORK_HEADER = YES;
				CLANG_WARN_RANGE_LOOP_ANALYSIS = YES;
				CLANG_WARN_STRICT_PROTOTYPES = YES;
				CLANG_WARN_SUSPICIOUS_MOVE = YES;
				CLANG_WARN_UNGUARDED_AVAILABILITY = YES_AGGRESSIVE;
				CLANG_WARN_UNREACHABLE_CODE = YES;
				CLANG_WARN__DUPLICATE_METHOD_MATCH = YES;
				COPY_PHASE_STRIP = NO;
				DEBUG_INFORMATION_FORMAT = "dwarf-with-dsym";
				ENABLE_NS_ASSERTIONS = NO;
				ENABLE_STRICT_OBJC_MSGSEND = YES;
				GCC_C_LANGUAGE_STANDARD = gnu11;
				GCC_NO_COMMON_BLOCKS = YES;
				GCC_WARN_64_TO_32_BIT_CONVERSION = YES;
				GCC_WARN_ABOUT_RETURN_TYPE = YES_ERROR;
				GCC_WARN_UNDECLARED_SELECTOR = YES;
				GCC_WARN_UNINITIALIZED_AUTOS = YES_AGGRESSIVE;
				GCC_WARN_UNUSED_FUNCTION = YES;
				GCC_WARN_UNUSED_VARIABLE = YES;
				IPHONEOS_DEPLOYMENT_TARGET = 15.4;
				MTL_ENABLE_DEBUG_INFO = NO;
				MTL_FAST_MATH = YES;
				SDKROOT = iphoneos;
				SWIFT_COMPILATION_MODE = wholemodule;
				SWIFT_OPTIMIZATION_LEVEL = "-O";
				VALIDATE_PRODUCT = YES;
			};
			name = Release;
		};
		FA5BF5FA28D47579007304C4 /* Debug */ = {
			isa = XCBuildConfiguration;
			baseConfigurationReference = CE9E17D1FC8AA6519743BCFE /* Pods-RoutineJournal.debug.xcconfig */;
			buildSettings = {
				ASSETCATALOG_COMPILER_APPICON_NAME = AppIcon;
				ASSETCATALOG_COMPILER_GLOBAL_ACCENT_COLOR_NAME = AccentColor;
				CODE_SIGN_IDENTITY = "Apple Development";
				CODE_SIGN_STYLE = Automatic;
				CURRENT_PROJECT_VERSION = 1;
				DEVELOPMENT_ASSET_PATHS = "\"RoutineJournal/Preview Content\"";
				DEVELOPMENT_TEAM = UG4PM738R7;
				ENABLE_PREVIEWS = YES;
				GENERATE_INFOPLIST_FILE = YES;
				INFOPLIST_KEY_UIApplicationSceneManifest_Generation = YES;
				INFOPLIST_KEY_UIApplicationSupportsIndirectInputEvents = YES;
				INFOPLIST_KEY_UILaunchScreen_Generation = YES;
				INFOPLIST_KEY_UISupportedInterfaceOrientations_iPad = "UIInterfaceOrientationPortrait UIInterfaceOrientationPortraitUpsideDown UIInterfaceOrientationLandscapeLeft UIInterfaceOrientationLandscapeRight";
				INFOPLIST_KEY_UISupportedInterfaceOrientations_iPhone = "UIInterfaceOrientationPortrait UIInterfaceOrientationLandscapeLeft UIInterfaceOrientationLandscapeRight";
				IPHONEOS_DEPLOYMENT_TARGET = 15.0;
				LD_RUNPATH_SEARCH_PATHS = (
					"$(inherited)",
					"@executable_path/Frameworks",
				);
				MARKETING_VERSION = 1.0;
				PRODUCT_BUNDLE_IDENTIFIER = com.vanyauhalin.RoutineJournal;
				PRODUCT_NAME = "$(TARGET_NAME)";
				PROVISIONING_PROFILE_SPECIFIER = "";
				SWIFT_EMIT_LOC_STRINGS = YES;
				SWIFT_VERSION = 5.0;
				TARGETED_DEVICE_FAMILY = 1;
			};
			name = Debug;
		};
		FA5BF5FB28D47579007304C4 /* Release */ = {
			isa = XCBuildConfiguration;
			baseConfigurationReference = 53557CCA72CE4F745AF312F3 /* Pods-RoutineJournal.release.xcconfig */;
			buildSettings = {
				ASSETCATALOG_COMPILER_APPICON_NAME = AppIcon;
				ASSETCATALOG_COMPILER_GLOBAL_ACCENT_COLOR_NAME = AccentColor;
				CODE_SIGN_IDENTITY = "Apple Development";
				CODE_SIGN_STYLE = Automatic;
				CURRENT_PROJECT_VERSION = 1;
				DEVELOPMENT_ASSET_PATHS = "\"RoutineJournal/Preview Content\"";
				DEVELOPMENT_TEAM = UG4PM738R7;
				ENABLE_PREVIEWS = YES;
				GENERATE_INFOPLIST_FILE = YES;
				INFOPLIST_KEY_UIApplicationSceneManifest_Generation = YES;
				INFOPLIST_KEY_UIApplicationSupportsIndirectInputEvents = YES;
				INFOPLIST_KEY_UILaunchScreen_Generation = YES;
				INFOPLIST_KEY_UISupportedInterfaceOrientations_iPad = "UIInterfaceOrientationPortrait UIInterfaceOrientationPortraitUpsideDown UIInterfaceOrientationLandscapeLeft UIInterfaceOrientationLandscapeRight";
				INFOPLIST_KEY_UISupportedInterfaceOrientations_iPhone = "UIInterfaceOrientationPortrait UIInterfaceOrientationLandscapeLeft UIInterfaceOrientationLandscapeRight";
				IPHONEOS_DEPLOYMENT_TARGET = 15.0;
				LD_RUNPATH_SEARCH_PATHS = (
					"$(inherited)",
					"@executable_path/Frameworks",
				);
				MARKETING_VERSION = 1.0;
				PRODUCT_BUNDLE_IDENTIFIER = com.vanyauhalin.RoutineJournal;
				PRODUCT_NAME = "$(TARGET_NAME)";
				PROVISIONING_PROFILE_SPECIFIER = "";
				SWIFT_EMIT_LOC_STRINGS = YES;
				SWIFT_VERSION = 5.0;
				TARGETED_DEVICE_FAMILY = 1;
			};
			name = Release;
		};
/* End XCBuildConfiguration section */

/* Begin XCConfigurationList section */
		FA5BF5D028D47576007304C4 /* Build configuration list for PBXProject "RoutineJournal" */ = {
			isa = XCConfigurationList;
			buildConfigurations = (
				FA5BF5F728D47579007304C4 /* Debug */,
				FA5BF5F828D47579007304C4 /* Release */,
			);
			defaultConfigurationIsVisible = 0;
			defaultConfigurationName = Release;
		};
		FA5BF5F928D47579007304C4 /* Build configuration list for PBXNativeTarget "RoutineJournal" */ = {
			isa = XCConfigurationList;
			buildConfigurations = (
				FA5BF5FA28D47579007304C4 /* Debug */,
				FA5BF5FB28D47579007304C4 /* Release */,
			);
			defaultConfigurationIsVisible = 0;
			defaultConfigurationName = Release;
		};
/* End XCConfigurationList section */
	};
	rootObject = FA5BF5CD28D47576007304C4 /* Project object */;
}
